schema: '2.0'
stages:
  data_ingestion:
    cmd: python src/data/data_ingestion.py
    deps:
    - path: src/data/data_ingestion.py
      hash: md5
      md5: 71eabad44ba3c5225186ff5dc341af9a
      size: 3433
    params:
      params.yaml:
        data_ingestion.test_size: 0.2
    outs:
    - path: data/raw
      hash: md5
      md5: fb326d2eec197669f9638afde28356bf.dir
      size: 827973
      nfiles: 2
  data_preprocessing:
    cmd: python src/data/data_preprocessing.py
    deps:
    - path: data/raw
      hash: md5
      md5: fb326d2eec197669f9638afde28356bf.dir
      size: 827973
      nfiles: 2
    - path: src/data/data_preprocessing.py
      hash: md5
      md5: f9411d5b51c6dd3a342c0aada6371dd2
      size: 3874
    outs:
    - path: data/interim
      hash: md5
      md5: ef37afd17951ea8af23114b28d26f784.dir
      size: 566210
      nfiles: 2
  feature_engineering:
    cmd: python src/features/feature_engineering.py
    deps:
    - path: data/interim
      hash: md5
      md5: ef37afd17951ea8af23114b28d26f784.dir
      size: 566210
      nfiles: 2
    - path: src/features/feature_engineering.py
      hash: md5
      md5: 7aa70d78ce75580a35f82af83ff2217b
      size: 3652
    params:
      params.yaml:
        feature_engineering.max_features: 100
    outs:
    - path: data/processed
      hash: md5
      md5: 278a1fabe1c09b434607b3a3d009e39c.dir
      size: 2106516
      nfiles: 2
  model_building:
    cmd: python src/model/model_building.py
    deps:
    - path: data/processed
      hash: md5
      md5: 278a1fabe1c09b434607b3a3d009e39c.dir
      size: 2106516
      nfiles: 2
    - path: src/model/model_building.py
      hash: md5
      md5: 4c8dcc22c65983e0451b8f7ed1c7faf7
      size: 3096
    params:
      params.yaml:
        model_building.learning_rate: 0.1
        model_building.n_estimators: 25
    outs:
    - path: models/model.pkl
      hash: md5
      md5: 40ae2d9a96743a9ffa3e7d76e34126e5
      size: 36734
  model_evaluation:
    cmd: python src/model/model_evaluation.py
    deps:
    - path: models/model.pkl
      hash: md5
      md5: 40ae2d9a96743a9ffa3e7d76e34126e5
      size: 36734
    - path: src/model/model_evaluation.py
      hash: md5
      md5: c1dd2a597aacd0dcceeb6f687cecb7d0
      size: 3378
    outs:
    - path: reports/metrics.json
      hash: md5
      md5: 525b5e5c2200377bfa817bba101dd13d
      size: 144
